// !$*UTF8*$!
{
	archiveVersion = 1;
	classes = {
	};
	objectVersion = 50;
	objects = {

/* Begin PBXBuildFile section */
		F40E973A245AFAEF006C270B /* AsynchronousTests.swift in Sources */ = {isa = PBXBuildFile; fileRef = F40E9739245AFAEF006C270B /* AsynchronousTests.swift */; };
		F40E9742245AFBA2006C270B /* PrimeCalculator.swift in Sources */ = {isa = PBXBuildFile; fileRef = F40E9741245AFBA2006C270B /* PrimeCalculator.swift */; };
		F433F0D4245EB39600D61A57 /* House.swift in Sources */ = {isa = PBXBuildFile; fileRef = F433F0D3245EB39600D61A57 /* House.swift */; };
		F433F0D6245EB45400D61A57 /* HouseTests.swift in Sources */ = {isa = PBXBuildFile; fileRef = F433F0D5245EB45400D61A57 /* HouseTests.swift */; };
		F4404E85244736970069A403 /* AppDelegate.swift in Sources */ = {isa = PBXBuildFile; fileRef = F4404E84244736970069A403 /* AppDelegate.swift */; };
		F4404E87244736970069A403 /* SceneDelegate.swift in Sources */ = {isa = PBXBuildFile; fileRef = F4404E86244736970069A403 /* SceneDelegate.swift */; };
		F4404E89244736970069A403 /* ViewController.swift in Sources */ = {isa = PBXBuildFile; fileRef = F4404E88244736970069A403 /* ViewController.swift */; };
		F4404E8C244736970069A403 /* Main.storyboard in Resources */ = {isa = PBXBuildFile; fileRef = F4404E8A244736970069A403 /* Main.storyboard */; };
		F4404E8E244736990069A403 /* Assets.xcassets in Resources */ = {isa = PBXBuildFile; fileRef = F4404E8D244736990069A403 /* Assets.xcassets */; };
		F4404E91244736990069A403 /* LaunchScreen.storyboard in Resources */ = {isa = PBXBuildFile; fileRef = F4404E8F244736990069A403 /* LaunchScreen.storyboard */; };
		F4404EA7244736C90069A403 /* Hater.swift in Sources */ = {isa = PBXBuildFile; fileRef = F4404EA6244736C90069A403 /* Hater.swift */; };
		F4404EA9244738A60069A403 /* FirstTests.swift in Sources */ = {isa = PBXBuildFile; fileRef = F4404E9B244736990069A403 /* FirstTests.swift */; };
		F4404EAB244752160069A403 /* Converter.swift in Sources */ = {isa = PBXBuildFile; fileRef = F4404EAA244752160069A403 /* Converter.swift */; };
		F4404EAD244752D00069A403 /* ConverterTests.swift in Sources */ = {isa = PBXBuildFile; fileRef = F4404EAC244752D00069A403 /* ConverterTests.swift */; };
		F4C53B30245AD02C00DD840F /* LifecycleTests.swift in Sources */ = {isa = PBXBuildFile; fileRef = F4C53B2F245AD02C00DD840F /* LifecycleTests.swift */; };
		F4C53B32245ADA7C00DD840F /* ThrowingTests.swift in Sources */ = {isa = PBXBuildFile; fileRef = F4C53B31245ADA7C00DD840F /* ThrowingTests.swift */; };
		F4C53B34245ADB9C00DD840F /* Game.swift in Sources */ = {isa = PBXBuildFile; fileRef = F4C53B33245ADB9C00DD840F /* Game.swift */; };
/* End PBXBuildFile section */

/* Begin PBXContainerItemProxy section */
		F40E973C245AFAEF006C270B /* PBXContainerItemProxy */ = {
			isa = PBXContainerItemProxy;
			containerPortal = F4404E79244736970069A403 /* Project object */;
			proxyType = 1;
			remoteGlobalIDString = F4404E80244736970069A403;
			remoteInfo = First;
		};
		F4404E98244736990069A403 /* PBXContainerItemProxy */ = {
			isa = PBXContainerItemProxy;
			containerPortal = F4404E79244736970069A403 /* Project object */;
			proxyType = 1;
			remoteGlobalIDString = F4404E80244736970069A403;
			remoteInfo = First;
		};
/* End PBXContainerItemProxy section */

/* Begin PBXFileReference section */
		F40E9737245AFAEF006C270B /* AsynchronousTests.xctest */ = {isa = PBXFileReference; explicitFileType = wrapper.cfbundle; includeInIndex = 0; path = AsynchronousTests.xctest; sourceTree = BUILT_PRODUCTS_DIR; };
		F40E9739245AFAEF006C270B /* AsynchronousTests.swift */ = {isa = PBXFileReference; lastKnownFileType = sourcecode.swift; path = AsynchronousTests.swift; sourceTree = "<group>"; };
		F40E973B245AFAEF006C270B /* Info.plist */ = {isa = PBXFileReference; lastKnownFileType = text.plist.xml; path = Info.plist; sourceTree = "<group>"; };
		F40E9741245AFBA2006C270B /* PrimeCalculator.swift */ = {isa = PBXFileReference; lastKnownFileType = sourcecode.swift; path = PrimeCalculator.swift; sourceTree = "<group>"; };
		F433F0D3245EB39600D61A57 /* House.swift */ = {isa = PBXFileReference; lastKnownFileType = sourcecode.swift; path = House.swift; sourceTree = "<group>"; };
		F433F0D5245EB45400D61A57 /* HouseTests.swift */ = {isa = PBXFileReference; lastKnownFileType = sourcecode.swift; path = HouseTests.swift; sourceTree = "<group>"; };
		F4404E81244736970069A403 /* First.app */ = {isa = PBXFileReference; explicitFileType = wrapper.application; includeInIndex = 0; path = First.app; sourceTree = BUILT_PRODUCTS_DIR; };
		F4404E84244736970069A403 /* AppDelegate.swift */ = {isa = PBXFileReference; lastKnownFileType = sourcecode.swift; path = AppDelegate.swift; sourceTree = "<group>"; };
		F4404E86244736970069A403 /* SceneDelegate.swift */ = {isa = PBXFileReference; lastKnownFileType = sourcecode.swift; path = SceneDelegate.swift; sourceTree = "<group>"; };
		F4404E88244736970069A403 /* ViewController.swift */ = {isa = PBXFileReference; lastKnownFileType = sourcecode.swift; path = ViewController.swift; sourceTree = "<group>"; };
		F4404E8B244736970069A403 /* Base */ = {isa = PBXFileReference; lastKnownFileType = file.storyboard; name = Base; path = Base.lproj/Main.storyboard; sourceTree = "<group>"; };
		F4404E8D244736990069A403 /* Assets.xcassets */ = {isa = PBXFileReference; lastKnownFileType = folder.assetcatalog; path = Assets.xcassets; sourceTree = "<group>"; };
		F4404E90244736990069A403 /* Base */ = {isa = PBXFileReference; lastKnownFileType = file.storyboard; name = Base; path = Base.lproj/LaunchScreen.storyboard; sourceTree = "<group>"; };
		F4404E92244736990069A403 /* Info.plist */ = {isa = PBXFileReference; lastKnownFileType = text.plist.xml; path = Info.plist; sourceTree = "<group>"; };
		F4404E97244736990069A403 /* FirstTests.xctest */ = {isa = PBXFileReference; explicitFileType = wrapper.cfbundle; includeInIndex = 0; path = FirstTests.xctest; sourceTree = BUILT_PRODUCTS_DIR; };
		F4404E9B244736990069A403 /* FirstTests.swift */ = {isa = PBXFileReference; lastKnownFileType = sourcecode.swift; path = FirstTests.swift; sourceTree = "<group>"; };
		F4404E9D244736990069A403 /* Info.plist */ = {isa = PBXFileReference; lastKnownFileType = text.plist.xml; path = Info.plist; sourceTree = "<group>"; };
		F4404EA6244736C90069A403 /* Hater.swift */ = {isa = PBXFileReference; lastKnownFileType = sourcecode.swift; path = Hater.swift; sourceTree = "<group>"; };
		F4404EAA244752160069A403 /* Converter.swift */ = {isa = PBXFileReference; lastKnownFileType = sourcecode.swift; path = Converter.swift; sourceTree = "<group>"; };
		F4404EAC244752D00069A403 /* ConverterTests.swift */ = {isa = PBXFileReference; lastKnownFileType = sourcecode.swift; path = ConverterTests.swift; sourceTree = "<group>"; };
		F4C53B2F245AD02C00DD840F /* LifecycleTests.swift */ = {isa = PBXFileReference; lastKnownFileType = sourcecode.swift; path = LifecycleTests.swift; sourceTree = "<group>"; };
		F4C53B31245ADA7C00DD840F /* ThrowingTests.swift */ = {isa = PBXFileReference; lastKnownFileType = sourcecode.swift; path = ThrowingTests.swift; sourceTree = "<group>"; };
		F4C53B33245ADB9C00DD840F /* Game.swift */ = {isa = PBXFileReference; lastKnownFileType = sourcecode.swift; path = Game.swift; sourceTree = "<group>"; };
/* End PBXFileReference section */

/* Begin PBXFrameworksBuildPhase section */
		F40E9734245AFAEF006C270B /* Frameworks */ = {
			isa = PBXFrameworksBuildPhase;
			buildActionMask = 2147483647;
			files = (
			);
			runOnlyForDeploymentPostprocessing = 0;
		};
		F4404E7E244736970069A403 /* Frameworks */ = {
			isa = PBXFrameworksBuildPhase;
			buildActionMask = 2147483647;
			files = (
			);
			runOnlyForDeploymentPostprocessing = 0;
		};
		F4404E94244736990069A403 /* Frameworks */ = {
			isa = PBXFrameworksBuildPhase;
			buildActionMask = 2147483647;
			files = (
			);
			runOnlyForDeploymentPostprocessing = 0;
		};
/* End PBXFrameworksBuildPhase section */

/* Begin PBXGroup section */
		F40E9738245AFAEF006C270B /* AsynchronousTests */ = {
			isa = PBXGroup;
			children = (
				F40E9739245AFAEF006C270B /* AsynchronousTests.swift */,
				F40E973B245AFAEF006C270B /* Info.plist */,
			);
			path = AsynchronousTests;
			sourceTree = "<group>";
		};
		F4404E78244736970069A403 = {
			isa = PBXGroup;
			children = (
				F4404E83244736970069A403 /* First */,
				F4404E9A244736990069A403 /* FirstTests */,
				F40E9738245AFAEF006C270B /* AsynchronousTests */,
				F4404E82244736970069A403 /* Products */,
			);
			sourceTree = "<group>";
		};
		F4404E82244736970069A403 /* Products */ = {
			isa = PBXGroup;
			children = (
				F4404E81244736970069A403 /* First.app */,
				F4404E97244736990069A403 /* FirstTests.xctest */,
				F40E9737245AFAEF006C270B /* AsynchronousTests.xctest */,
			);
			name = Products;
			sourceTree = "<group>";
		};
		F4404E83244736970069A403 /* First */ = {
			isa = PBXGroup;
			children = (
				F4404E84244736970069A403 /* AppDelegate.swift */,
				F4404E86244736970069A403 /* SceneDelegate.swift */,
				F4404E88244736970069A403 /* ViewController.swift */,
				F4404E8A244736970069A403 /* Main.storyboard */,
				F4404E8D244736990069A403 /* Assets.xcassets */,
				F4404E8F244736990069A403 /* LaunchScreen.storyboard */,
				F4404E92244736990069A403 /* Info.plist */,
				F4404EA6244736C90069A403 /* Hater.swift */,
				F4404EAA244752160069A403 /* Converter.swift */,
				F4C53B33245ADB9C00DD840F /* Game.swift */,
				F40E9741245AFBA2006C270B /* PrimeCalculator.swift */,
				F433F0D3245EB39600D61A57 /* House.swift */,
			);
			path = First;
			sourceTree = "<group>";
		};
		F4404E9A244736990069A403 /* FirstTests */ = {
			isa = PBXGroup;
			children = (
				F4404EAC244752D00069A403 /* ConverterTests.swift */,
				F4404E9B244736990069A403 /* FirstTests.swift */,
				F4404E9D244736990069A403 /* Info.plist */,
				F4C53B2F245AD02C00DD840F /* LifecycleTests.swift */,
				F4C53B31245ADA7C00DD840F /* ThrowingTests.swift */,
				F433F0D5245EB45400D61A57 /* HouseTests.swift */,
			);
			path = FirstTests;
			sourceTree = "<group>";
		};
/* End PBXGroup section */

/* Begin PBXNativeTarget section */
		F40E9736245AFAEF006C270B /* AsynchronousTests */ = {
			isa = PBXNativeTarget;
			buildConfigurationList = F40E9740245AFAEF006C270B /* Build configuration list for PBXNativeTarget "AsynchronousTests" */;
			buildPhases = (
				F40E9733245AFAEF006C270B /* Sources */,
				F40E9734245AFAEF006C270B /* Frameworks */,
				F40E9735245AFAEF006C270B /* Resources */,
			);
			buildRules = (
			);
			dependencies = (
				F40E973D245AFAEF006C270B /* PBXTargetDependency */,
			);
			name = AsynchronousTests;
			productName = AsynchronousTests;
			productReference = F40E9737245AFAEF006C270B /* AsynchronousTests.xctest */;
			productType = "com.apple.product-type.bundle.unit-test";
		};
		F4404E80244736970069A403 /* First */ = {
			isa = PBXNativeTarget;
			buildConfigurationList = F4404EA0244736990069A403 /* Build configuration list for PBXNativeTarget "First" */;
			buildPhases = (
				F4404E7D244736970069A403 /* Sources */,
				F4404E7E244736970069A403 /* Frameworks */,
				F4404E7F244736970069A403 /* Resources */,
			);
			buildRules = (
			);
			dependencies = (
			);
			name = First;
			productName = First;
			productReference = F4404E81244736970069A403 /* First.app */;
			productType = "com.apple.product-type.application";
		};
		F4404E96244736990069A403 /* FirstTests */ = {
			isa = PBXNativeTarget;
			buildConfigurationList = F4404EA3244736990069A403 /* Build configuration list for PBXNativeTarget "FirstTests" */;
			buildPhases = (
				F4404E93244736990069A403 /* Sources */,
				F4404E94244736990069A403 /* Frameworks */,
				F4404E95244736990069A403 /* Resources */,
			);
			buildRules = (
			);
			dependencies = (
				F4404E99244736990069A403 /* PBXTargetDependency */,
			);
			name = FirstTests;
			productName = FirstTests;
			productReference = F4404E97244736990069A403 /* FirstTests.xctest */;
			productType = "com.apple.product-type.bundle.unit-test";
		};
/* End PBXNativeTarget section */

/* Begin PBXProject section */
		F4404E79244736970069A403 /* Project object */ = {
			isa = PBXProject;
			attributes = {
				LastSwiftUpdateCheck = 1140;
				LastUpgradeCheck = 1140;
				ORGANIZATIONNAME = IBM;
				TargetAttributes = {
					F40E9736245AFAEF006C270B = {
						CreatedOnToolsVersion = 11.4.1;
						TestTargetID = F4404E80244736970069A403;
					};
					F4404E80244736970069A403 = {
						CreatedOnToolsVersion = 11.4;
					};
					F4404E96244736990069A403 = {
						CreatedOnToolsVersion = 11.4;
						TestTargetID = F4404E80244736970069A403;
					};
				};
			};
			buildConfigurationList = F4404E7C244736970069A403 /* Build configuration list for PBXProject "First" */;
			compatibilityVersion = "Xcode 9.3";
			developmentRegion = en;
			hasScannedForEncodings = 0;
			knownRegions = (
				en,
				Base,
			);
			mainGroup = F4404E78244736970069A403;
			productRefGroup = F4404E82244736970069A403 /* Products */;
			projectDirPath = "";
			projectRoot = "";
			targets = (
				F4404E80244736970069A403 /* First */,
				F4404E96244736990069A403 /* FirstTests */,
				F40E9736245AFAEF006C270B /* AsynchronousTests */,
			);
		};
/* End PBXProject section */

/* Begin PBXResourcesBuildPhase section */
		F40E9735245AFAEF006C270B /* Resources */ = {
			isa = PBXResourcesBuildPhase;
			buildActionMask = 2147483647;
			files = (
			);
			runOnlyForDeploymentPostprocessing = 0;
		};
		F4404E7F244736970069A403 /* Resources */ = {
			isa = PBXResourcesBuildPhase;
			buildActionMask = 2147483647;
			files = (
				F4404E91244736990069A403 /* LaunchScreen.storyboard in Resources */,
				F4404E8E244736990069A403 /* Assets.xcassets in Resources */,
				F4404E8C244736970069A403 /* Main.storyboard in Resources */,
			);
			runOnlyForDeploymentPostprocessing = 0;
		};
		F4404E95244736990069A403 /* Resources */ = {
			isa = PBXResourcesBuildPhase;
			buildActionMask = 2147483647;
			files = (
			);
			runOnlyForDeploymentPostprocessing = 0;
		};
/* End PBXResourcesBuildPhase section */

/* Begin PBXSourcesBuildPhase section */
		F40E9733245AFAEF006C270B /* Sources */ = {
			isa = PBXSourcesBuildPhase;
			buildActionMask = 2147483647;
			files = (
				F40E973A245AFAEF006C270B /* AsynchronousTests.swift in Sources */,
			);
			runOnlyForDeploymentPostprocessing = 0;
		};
		F4404E7D244736970069A403 /* Sources */ = {
			isa = PBXSourcesBuildPhase;
			buildActionMask = 2147483647;
			files = (
				F4404E89244736970069A403 /* ViewController.swift in Sources */,
				F4C53B34245ADB9C00DD840F /* Game.swift in Sources */,
				F433F0D4245EB39600D61A57 /* House.swift in Sources */,
				F4404E85244736970069A403 /* AppDelegate.swift in Sources */,
				F40E9742245AFBA2006C270B /* PrimeCalculator.swift in Sources */,
				F4404EA7244736C90069A403 /* Hater.swift in Sources */,
				F4404E87244736970069A403 /* SceneDelegate.swift in Sources */,
				F4404EAB244752160069A403 /* Converter.swift in Sources */,
			);
			runOnlyForDeploymentPostprocessing = 0;
		};
		F4404E93244736990069A403 /* Sources */ = {
			isa = PBXSourcesBuildPhase;
			buildActionMask = 2147483647;
			files = (
				F4404EAD244752D00069A403 /* ConverterTests.swift in Sources */,
				F4C53B30245AD02C00DD840F /* LifecycleTests.swift in Sources */,
				F4404EA9244738A60069A403 /* FirstTests.swift in Sources */,
				F4C53B32245ADA7C00DD840F /* ThrowingTests.swift in Sources */,
				F433F0D6245EB45400D61A57 /* HouseTests.swift in Sources */,
			);
			runOnlyForDeploymentPostprocessing = 0;
		};
/* End PBXSourcesBuildPhase section */

/* Begin PBXTargetDependency section */
		F40E973D245AFAEF006C270B /* PBXTargetDependency */ = {
			isa = PBXTargetDependency;
			target = F4404E80244736970069A403 /* First */;
			targetProxy = F40E973C245AFAEF006C270B /* PBXContainerItemProxy */;
		};
		F4404E99244736990069A403 /* PBXTargetDependency */ = {
			isa = PBXTargetDependency;
			target = F4404E80244736970069A403 /* First */;
			targetProxy = F4404E98244736990069A403 /* PBXContainerItemProxy */;
		};
/* End PBXTargetDependency section */

/* Begin PBXVariantGroup section */
		F4404E8A244736970069A403 /* Main.storyboard */ = {
			isa = PBXVariantGroup;
			children = (
				F4404E8B244736970069A403 /* Base */,
			);
			name = Main.storyboard;
			sourceTree = "<group>";
		};
		F4404E8F244736990069A403 /* LaunchScreen.storyboard */ = {
			isa = PBXVariantGroup;
			children = (
				F4404E90244736990069A403 /* Base */,
			);
			name = LaunchScreen.storyboard;
			sourceTree = "<group>";
		};
/* End PBXVariantGroup section */

/* Begin XCBuildConfiguration section */
		F40E973E245AFAEF006C270B /* Debug */ = {
			isa = XCBuildConfiguration;
			buildSettings = {
				BUNDLE_LOADER = "$(TEST_HOST)";
				CODE_SIGN_STYLE = Automatic;
				DEVELOPMENT_TEAM = Q7W47GFKL3;
				INFOPLIST_FILE = AsynchronousTests/Info.plist;
				LD_RUNPATH_SEARCH_PATHS = (
					"$(inherited)",
					"@executable_path/Frameworks",
					"@loader_path/Frameworks",
				);
				PRODUCT_BUNDLE_IDENTIFIER = com.ibm.enrollment.AsynchronousTests;
				PRODUCT_NAME = "$(TARGET_NAME)";
				SWIFT_VERSION = 5.0;
				TARGETED_DEVICE_FAMILY = "1,2";
				TEST_HOST = "$(BUILT_PRODUCTS_DIR)/First.app/First";
			};
			name = Debug;
		};
		F40E973F245AFAEF006C270B /* Release */ = {
			isa = XCBuildConfiguration;
			buildSettings = {
				BUNDLE_LOADER = "$(TEST_HOST)";
				CODE_SIGN_STYLE = Automatic;
				DEVELOPMENT_TEAM = Q7W47GFKL3;
				INFOPLIST_FILE = AsynchronousTests/Info.plist;
				LD_RUNPATH_SEARCH_PATHS = (
					"$(inherited)",
					"@executable_path/Frameworks",
					"@loader_path/Frameworks",
				);
				PRODUCT_BUNDLE_IDENTIFIER = com.ibm.enrollment.AsynchronousTests;
				PRODUCT_NAME = "$(TARGET_NAME)";
				SWIFT_VERSION = 5.0;
				TARGETED_DEVICE_FAMILY = "1,2";
				TEST_HOST = "$(BUILT_PRODUCTS_DIR)/First.app/First";
			};
			name = Release;
		};
		F4404E9E244736990069A403 /* Debug */ = {
			isa = XCBuildConfiguration;
			buildSettings = {
				ALWAYS_SEARCH_USER_PATHS = NO;
				CLANG_ANALYZER_NONNULL = YES;
				CLANG_ANALYZER_NUMBER_OBJECT_CONVERSION = YES_AGGRESSIVE;
				CLANG_CXX_LANGUAGE_STANDARD = "gnu++14";
				CLANG_CXX_LIBRARY = "libc++";
				CLANG_ENABLE_MODULES = YES;
				CLANG_ENABLE_OBJC_ARC = YES;
				CLANG_ENABLE_OBJC_WEAK = YES;
				CLANG_WARN_BLOCK_CAPTURE_AUTORELEASING = YES;
				CLANG_WARN_BOOL_CONVERSION = YES;
				CLANG_WARN_COMMA = YES;
				CLANG_WARN_CONSTANT_CONVERSION = YES;
				CLANG_WARN_DEPRECATED_OBJC_IMPLEMENTATIONS = YES;
				CLANG_WARN_DIRECT_OBJC_ISA_USAGE = YES_ERROR;
				CLANG_WARN_DOCUMENTATION_COMMENTS = YES;
				CLANG_WARN_EMPTY_BODY = YES;
				CLANG_WARN_ENUM_CONVERSION = YES;
				CLANG_WARN_INFINITE_RECURSION = YES;
				CLANG_WARN_INT_CONVERSION = YES;
				CLANG_WARN_NON_LITERAL_NULL_CONVERSION = YES;
				CLANG_WARN_OBJC_IMPLICIT_RETAIN_SELF = YES;
				CLANG_WARN_OBJC_LITERAL_CONVERSION = YES;
				CLANG_WARN_OBJC_ROOT_CLASS = YES_ERROR;
				CLANG_WARN_RANGE_LOOP_ANALYSIS = YES;
				CLANG_WARN_STRICT_PROTOTYPES = YES;
				CLANG_WARN_SUSPICIOUS_MOVE = YES;
				CLANG_WARN_UNGUARDED_AVAILABILITY = YES_AGGRESSIVE;
				CLANG_WARN_UNREACHABLE_CODE = YES;
				CLANG_WARN__DUPLICATE_METHOD_MATCH = YES;
				COPY_PHASE_STRIP = NO;
				DEBUG_INFORMATION_FORMAT = dwarf;
				ENABLE_STRICT_OBJC_MSGSEND = YES;
				ENABLE_TESTABILITY = YES;
				GCC_C_LANGUAGE_STANDARD = gnu11;
				GCC_DYNAMIC_NO_PIC = NO;
				GCC_NO_COMMON_BLOCKS = YES;
				GCC_OPTIMIZATION_LEVEL = 0;
				GCC_PREPROCESSOR_DEFINITIONS = (
					"DEBUG=1",
					"$(inherited)",
				);
				GCC_WARN_64_TO_32_BIT_CONVERSION = YES;
				GCC_WARN_ABOUT_RETURN_TYPE = YES_ERROR;
				GCC_WARN_UNDECLARED_SELECTOR = YES;
				GCC_WARN_UNINITIALIZED_AUTOS = YES_AGGRESSIVE;
				GCC_WARN_UNUSED_FUNCTION = YES;
				GCC_WARN_UNUSED_VARIABLE = YES;
				IPHONEOS_DEPLOYMENT_TARGET = 13.4;
				MTL_ENABLE_DEBUG_INFO = INCLUDE_SOURCE;
				MTL_FAST_MATH = YES;
				ONLY_ACTIVE_ARCH = YES;
				SDKROOT = iphoneos;
				SWIFT_ACTIVE_COMPILATION_CONDITIONS = DEBUG;
				SWIFT_OPTIMIZATION_LEVEL = "-Onone";
			};
			name = Debug;
		};
		F4404E9F244736990069A403 /* Release */ = {
			isa = XCBuildConfiguration;
			buildSettings = {
				ALWAYS_SEARCH_USER_PATHS = NO;
				CLANG_ANALYZER_NONNULL = YES;
				CLANG_ANALYZER_NUMBER_OBJECT_CONVERSION = YES_AGGRESSIVE;
				CLANG_CXX_LANGUAGE_STANDARD = "gnu++14";
				CLANG_CXX_LIBRARY = "libc++";
				CLANG_ENABLE_MODULES = YES;
				CLANG_ENABLE_OBJC_ARC = YES;
				CLANG_ENABLE_OBJC_WEAK = YES;
				CLANG_WARN_BLOCK_CAPTURE_AUTORELEASING = YES;
				CLANG_WARN_BOOL_CONVERSION = YES;
				CLANG_WARN_COMMA = YES;
				CLANG_WARN_CONSTANT_CONVERSION = YES;
				CLANG_WARN_DEPRECATED_OBJC_IMPLEMENTATIONS = YES;
				CLANG_WARN_DIRECT_OBJC_ISA_USAGE = YES_ERROR;
				CLANG_WARN_DOCUMENTATION_COMMENTS = YES;
				CLANG_WARN_EMPTY_BODY = YES;
				CLANG_WARN_ENUM_CONVERSION = YES;
				CLANG_WARN_INFINITE_RECURSION = YES;
				CLANG_WARN_INT_CONVERSION = YES;
				CLANG_WARN_NON_LITERAL_NULL_CONVERSION = YES;
				CLANG_WARN_OBJC_IMPLICIT_RETAIN_SELF = YES;
				CLANG_WARN_OBJC_LITERAL_CONVERSION = YES;
				CLANG_WARN_OBJC_ROOT_CLASS = YES_ERROR;
				CLANG_WARN_RANGE_LOOP_ANALYSIS = YES;
				CLANG_WARN_STRICT_PROTOTYPES = YES;
				CLANG_WARN_SUSPICIOUS_MOVE = YES;
				CLANG_WARN_UNGUARDED_AVAILABILITY = YES_AGGRESSIVE;
				CLANG_WARN_UNREACHABLE_CODE = YES;
				CLANG_WARN__DUPLICATE_METHOD_MATCH = YES;
				COPY_PHASE_STRIP = NO;
				DEBUG_INFORMATION_FORMAT = "dwarf-with-dsym";
				ENABLE_NS_ASSERTIONS = NO;
				ENABLE_STRICT_OBJC_MSGSEND = YES;
				GCC_C_LANGUAGE_STANDARD = gnu11;
				GCC_NO_COMMON_BLOCKS = YES;
				GCC_WARN_64_TO_32_BIT_CONVERSION = YES;
				GCC_WARN_ABOUT_RETURN_TYPE = YES_ERROR;
				GCC_WARN_UNDECLARED_SELECTOR = YES;
				GCC_WARN_UNINITIALIZED_AUTOS = YES_AGGRESSIVE;
				GCC_WARN_UNUSED_FUNCTION = YES;
				GCC_WARN_UNUSED_VARIABLE = YES;
				IPHONEOS_DEPLOYMENT_TARGET = 13.4;
				MTL_ENABLE_DEBUG_INFO = NO;
				MTL_FAST_MATH = YES;
				SDKROOT = iphoneos;
				SWIFT_COMPILATION_MODE = wholemodule;
				SWIFT_OPTIMIZATION_LEVEL = "-O";
				VALIDATE_PRODUCT = YES;
			};
			name = Release;
		};
		F4404EA1244736990069A403 /* Debug */ = {
			isa = XCBuildConfiguration;
			buildSettings = {
				ASSETCATALOG_COMPILER_APPICON_NAME = AppIcon;
				CODE_SIGN_IDENTITY = "Apple Development";
				CODE_SIGN_STYLE = Manual;
				DEVELOPMENT_TEAM = "";
				INFOPLIST_FILE = First/Info.plist;
				LD_RUNPATH_SEARCH_PATHS = (
					"$(inherited)",
					"@executable_path/Frameworks",
				);
				PRODUCT_BUNDLE_IDENTIFIER = com.ibm.enrollment.First;
				PRODUCT_NAME = "$(TARGET_NAME)";
				PROVISIONING_PROFILE_SPECIFIER = "";
				SWIFT_VERSION = 5.0;
				TARGETED_DEVICE_FAMILY = "1,2";
			};
			name = Debug;
		};
		F4404EA2244736990069A403 /* Release */ = {
			isa = XCBuildConfiguration;
			buildSettings = {
				ASSETCATALOG_COMPILER_APPICON_NAME = AppIcon;
				CODE_SIGN_IDENTITY = "Apple Development";
				CODE_SIGN_STYLE = Manual;
				DEVELOPMENT_TEAM = "";
				INFOPLIST_FILE = First/Info.plist;
				LD_RUNPATH_SEARCH_PATHS = (
					"$(inherited)",
					"@executable_path/Frameworks",
				);
				PRODUCT_BUNDLE_IDENTIFIER = com.ibm.enrollment.First;
				PRODUCT_NAME = "$(TARGET_NAME)";
				PROVISIONING_PROFILE_SPECIFIER = "";
				SWIFT_VERSION = 5.0;
				TARGETED_DEVICE_FAMILY = "1,2";
			};
			name = Release;
		};
		F4404EA4244736990069A403 /* Debug */ = {
			isa = XCBuildConfiguration;
			buildSettings = {
				ALWAYS_EMBED_SWIFT_STANDARD_LIBRARIES = YES;
				BUNDLE_LOADER = "$(TEST_HOST)";
				CODE_SIGN_STYLE = Manual;
				DEVELOPMENT_TEAM = Q3TXTB8YVJ;
				INFOPLIST_FILE = FirstTests/Info.plist;
				IPHONEOS_DEPLOYMENT_TARGET = 13.4;
				LD_RUNPATH_SEARCH_PATHS = (
					"$(inherited)",
					"@executable_path/Frameworks",
					"@loader_path/Frameworks",
				);
				PRODUCT_BUNDLE_IDENTIFIER = com.ibm.enrollment.FirstTests;
				PRODUCT_NAME = "$(TARGET_NAME)";
				PROVISIONING_PROFILE_SPECIFIER = "";
				"PROVISIONING_PROFILE_SPECIFIER[sdk=macosx*]" = "";
				SWIFT_VERSION = 5.0;
				TARGETED_DEVICE_FAMILY = "1,2";
				TEST_HOST = "$(BUILT_PRODUCTS_DIR)/First.app/First";
			};
			name = Debug;
		};
		F4404EA5244736990069A403 /* Release */ = {
			isa = XCBuildConfiguration;
			buildSettings = {
				ALWAYS_EMBED_SWIFT_STANDARD_LIBRARIES = YES;
				BUNDLE_LOADER = "$(TEST_HOST)";
				CODE_SIGN_STYLE = Manual;
				DEVELOPMENT_TEAM = Q3TXTB8YVJ;
				INFOPLIST_FILE = FirstTests/Info.plist;
				IPHONEOS_DEPLOYMENT_TARGET = 13.4;
				LD_RUNPATH_SEARCH_PATHS = (
					"$(inherited)",
					"@executable_path/Frameworks",
					"@loader_path/Frameworks",
				);
				PRODUCT_BUNDLE_IDENTIFIER = com.ibm.enrollment.FirstTests;
				PRODUCT_NAME = "$(TARGET_NAME)";
				PROVISIONING_PROFILE_SPECIFIER = "";
				"PROVISIONING_PROFILE_SPECIFIER[sdk=macosx*]" = "";
				SWIFT_VERSION = 5.0;
				TARGETED_DEVICE_FAMILY = "1,2";
				TEST_HOST = "$(BUILT_PRODUCTS_DIR)/First.app/First";
			};
			name = Release;
		};
/* End XCBuildConfiguration section */

/* Begin XCConfigurationList section */
		F40E9740245AFAEF006C270B /* Build configuration list for PBXNativeTarget "AsynchronousTests" */ = {
			isa = XCConfigurationList;
			buildConfigurations = (
				F40E973E245AFAEF006C270B /* Debug */,
				F40E973F245AFAEF006C270B /* Release */,
			);
			defaultConfigurationIsVisible = 0;
			defaultConfigurationName = Release;
		};
		F4404E7C244736970069A403 /* Build configuration list for PBXProject "First" */ = {
			isa = XCConfigurationList;
			buildConfigurations = (
				F4404E9E244736990069A403 /* Debug */,
				F4404E9F244736990069A403 /* Release */,
			);
			defaultConfigurationIsVisible = 0;
			defaultConfigurationName = Release;
		};
		F4404EA0244736990069A403 /* Build configuration list for PBXNativeTarget "First" */ = {
			isa = XCConfigurationList;
			buildConfigurations = (
				F4404EA1244736990069A403 /* Debug */,
				F4404EA2244736990069A403 /* Release */,
			);
			defaultConfigurationIsVisible = 0;
			defaultConfigurationName = Release;
		};
		F4404EA3244736990069A403 /* Build configuration list for PBXNativeTarget "FirstTests" */ = {
			isa = XCConfigurationList;
			buildConfigurations = (
				F4404EA4244736990069A403 /* Debug */,
				F4404EA5244736990069A403 /* Release */,
			);
			defaultConfigurationIsVisible = 0;
			defaultConfigurationName = Release;
		};
/* End XCConfigurationList section */
	};
	rootObject = F4404E79244736970069A403 /* Project object */;
}
